PODS:
  - InputBarAccessoryView (5.3.1):
    - InputBarAccessoryView/Core (= 5.3.1)
  - InputBarAccessoryView/Core (5.3.1)
  - MessageKit (3.6.1):
    - InputBarAccessoryView (~> 5.3.1)
  - PINCache (3.0.3):
    - PINCache/Arc-exception-safe (= 3.0.3)
    - PINCache/Core (= 3.0.3)
  - PINCache/Arc-exception-safe (3.0.3):
    - PINCache/Core
  - PINCache/Core (3.0.3):
    - PINOperation (~> 1.2.1)
  - PINOperation (1.2.1)
  - PINRemoteImage/Core (3.0.3):
    - PINOperation
  - PINRemoteImage/iOS (3.0.3):
    - PINRemoteImage/Core
  - PINRemoteImage/PINCache (3.0.3):
    - PINCache (~> 3.0.3)
    - PINRemoteImage/Core
  - SwiftLint (0.45.1)

DEPENDENCIES:
  - MessageKit (from `https://github.com/hhoangna/MessengerKit`)
  - PINRemoteImage/iOS (~> 3.0.1)
  - PINRemoteImage/PINCache (~> 3.0.1)
  - SwiftLint (~> 0.40)

SPEC REPOS:
  trunk:
    - InputBarAccessoryView
    - PINCache
    - PINOperation
    - PINRemoteImage
    - SwiftLint

EXTERNAL SOURCES:
  MessageKit:
    :git: https://github.com/hhoangna/MessengerKit

CHECKOUT OPTIONS:
  MessageKit:
    :commit: 520b480f3d4afbc9d548feefb0d4b55ead3398c7
    :git: https://github.com/hhoangna/MessengerKit

SPEC CHECKSUMS:
  InputBarAccessoryView: 1f75d8c9f75e5e57f3ffac36ed58635a8005e0bc
  MessageKit: 3bc00e9dbd94d1e6d88771622ff00ae47c7c255a
  PINCache: 7a8fc1a691173d21dbddbf86cd515de6efa55086
  PINOperation: 00c935935f1e8cf0d1e2d6b542e75b88fc3e5e20
  PINRemoteImage: f1295b29f8c5e640e25335a1b2bd9d805171bd01
  SwiftLint: 06ac37e4d38c7068e0935bb30cda95f093bec761

PODFILE CHECKSUM: 9044cf8831910521b7f2d840992f03415c401698

COCOAPODS: 1.10.0
